
Microsoft Visual Studio Solution File, Format Version 12.00
# Visual Studio Version 16
VisualStudioVersion = 16.0.29215.179
MinimumVisualStudioVersion = 10.0.40219.1
Project("{FAE04EC0-301F-11D3-BF4B-00C04F79EFBC}") = "실습-생태계", "실습-생태계\실습-생태계.csproj", "{A8FA6038-306D-416D-A36B-E657D24372C1}"
EndProject
Global
	GlobalSection(SolutionConfigurationPlatforms) = preSolution
		Debug|Any CPU = Debug|Any CPU
		Release|Any CPU = Release|Any CPU
	EndGlobalSection
	GlobalSection(ProjectConfigurationPlatforms) = postSolution
		{A8FA6038-306D-416D-A36B-E657D24372C1}.Debug|Any CPU.ActiveCfg = Debug|Any CPU
		{A8FA6038-306D-416D-A36B-E657D24372C1}.Debug|Any CPU.Build.0 = Debug|Any CPU
		{A8FA6038-306D-416D-A36B-E657D24372C1}.Release|Any CPU.ActiveCfg = Release|Any CPU
		{A8FA6038-306D-416D-A36B-E657D24372C1}.Release|Any CPU.Build.0 = Release|Any CPU
	EndGlobalSection
	GlobalSection(SolutionProperties) = preSolution
		HideSolutionNode = FALSE
	EndGlobalSection
	GlobalSection(ExtensibilityGlobals) = postSolution
		SolutionGuid = {E4D31836-A3A0-4C06-BBEE-B3E97DF31353}
	EndGlobalSection
EndGlobal
