
Microsoft Visual Studio Solution File, Format Version 12.00
# Visual Studio Version 16
VisualStudioVersion = 16.0.30907.101
MinimumVisualStudioVersion = 10.0.40219.1
Project("{FAE04EC0-301F-11D3-BF4B-00C04F79EFBC}") = "수업 3주차", "수업 3주차\수업 3주차.csproj", "{3F251F00-69E5-45FE-820D-11D7CFAB9C07}"
EndProject
Global
	GlobalSection(SolutionConfigurationPlatforms) = preSolution
		Debug|Any CPU = Debug|Any CPU
		Release|Any CPU = Release|Any CPU
	EndGlobalSection
	GlobalSection(ProjectConfigurationPlatforms) = postSolution
		{3F251F00-69E5-45FE-820D-11D7CFAB9C07}.Debug|Any CPU.ActiveCfg = Debug|Any CPU
		{3F251F00-69E5-45FE-820D-11D7CFAB9C07}.Debug|Any CPU.Build.0 = Debug|Any CPU
		{3F251F00-69E5-45FE-820D-11D7CFAB9C07}.Release|Any CPU.ActiveCfg = Release|Any CPU
		{3F251F00-69E5-45FE-820D-11D7CFAB9C07}.Release|Any CPU.Build.0 = Release|Any CPU
	EndGlobalSection
	GlobalSection(SolutionProperties) = preSolution
		HideSolutionNode = FALSE
	EndGlobalSection
	GlobalSection(ExtensibilityGlobals) = postSolution
		SolutionGuid = {0E071141-9BED-48AC-9892-B635B8ACEF79}
	EndGlobalSection
EndGlobal
